Microsoft Visual Studio Solution File, Format Version 12.00
# Visual Studio Version 18
VisualStudioVersion = 18.5.11723.231 stable
MinimumVisualStudioVersion = 10.0.40219.1
Project("{2150E333-8FDC-42A3-9474-1A3956D46DE8}") = "packages", "packages", "{809F86A1-1C4C-B159-0CD4-DF9D33D876CE}"
EndProject
Project("{2150E333-8FDC-42A3-9474-1A3956D46DE8}") = "api", "api", "{4A1E2F3B-5C6D-7E8F-9A0B-1C2D3E4F5A6B}"
EndProject
Project("{2150E333-8FDC-42A3-9474-1A3956D46DE8}") = "web applications", "web applications", "{1A2B3C4D-5E6F-7A8B-9C0D-1E2F3A4B5C6D}"
EndProject
Project("{FAE04EC0-301F-11D3-BF4B-00C04F79EFBC}") = "Tsz.Api", "packages\api\Tsz.Api\Tsz.Api.csproj", "{B2C3C276-B967-4884-8FB0-4DB06EB51612}"
EndProject
Project("{2150E333-8FDC-42A3-9474-1A3956D46DE8}") = "Infrastructure", "Infrastructure", "{2B3C4D5E-6F7A-8B9C-0D1E-2F3A4B5C6D7E}"
EndProject
Project("{FAE04EC0-301F-11D3-BF4B-00C04F79EFBC}") = "Tsz.Infrastructure", "packages\api\Tsz.Infrastructure\Tsz.Infrastructure.csproj", "{DC9F10B6-67BA-4F0E-8B89-AA4902C49301}"
EndProject
Project("{2150E333-8FDC-42A3-9474-1A3956D46DE8}") = "tests", "tests", "{6B7C8D9E-0F1A-2B3C-4D5E-6F7A8B9C0D1E}"
EndProject
Project("{FAE04EC0-301F-11D3-BF4B-00C04F79EFBC}") = "Tsz.Api.Tests", "packages\api\tests\Tsz.Api.Tests\Tsz.Api.Tests.csproj", "{C2F9EFB4-E8BB-49D0-918F-207CFE059F43}"
EndProject
Project("{FAE04EC0-301F-11D3-BF4B-00C04F79EFBC}") = "Tsz.Api.Tests.Integration", "packages\api\tests\Tsz.Api.Tests.Integration\Tsz.Api.Tests.Integration.csproj", "{10676B04-4431-4A28-B631-EA6B9826F2E3}"
EndProject
Global
	GlobalSection(SolutionConfigurationPlatforms) = preSolution
		Debug|Any CPU = Debug|Any CPU
		Debug|x64 = Debug|x64
		Debug|x86 = Debug|x86
		Release|Any CPU = Release|Any CPU
		Release|x64 = Release|x64
		Release|x86 = Release|x86
	EndGlobalSection
	GlobalSection(ProjectConfigurationPlatforms) = postSolution
		{B2C3C276-B967-4884-8FB0-4DB06EB51612}.Debug|Any CPU.ActiveCfg = Debug|Any CPU
		{B2C3C276-B967-4884-8FB0-4DB06EB51612}.Debug|Any CPU.Build.0 = Debug|Any CPU
		{B2C3C276-B967-4884-8FB0-4DB06EB51612}.Debug|x64.ActiveCfg = Debug|Any CPU
		{B2C3C276-B967-4884-8FB0-4DB06EB51612}.Debug|x64.Build.0 = Debug|Any CPU
		{B2C3C276-B967-4884-8FB0-4DB06EB51612}.Debug|x86.ActiveCfg = Debug|Any CPU
		{B2C3C276-B967-4884-8FB0-4DB06EB51612}.Debug|x86.Build.0 = Debug|Any CPU
		{B2C3C276-B967-4884-8FB0-4DB06EB51612}.Release|Any CPU.ActiveCfg = Release|Any CPU
		{B2C3C276-B967-4884-8FB0-4DB06EB51612}.Release|Any CPU.Build.0 = Release|Any CPU
		{B2C3C276-B967-4884-8FB0-4DB06EB51612}.Release|x64.ActiveCfg = Release|Any CPU
		{B2C3C276-B967-4884-8FB0-4DB06EB51612}.Release|x64.Build.0 = Release|Any CPU
		{B2C3C276-B967-4884-8FB0-4DB06EB51612}.Release|x86.ActiveCfg = Release|Any CPU
		{B2C3C276-B967-4884-8FB0-4DB06EB51612}.Release|x86.Build.0 = Release|Any CPU
		{DC9F10B6-67BA-4F0E-8B89-AA4902C49301}.Debug|Any CPU.ActiveCfg = Debug|Any CPU
		{DC9F10B6-67BA-4F0E-8B89-AA4902C49301}.Debug|Any CPU.Build.0 = Debug|Any CPU
		{DC9F10B6-67BA-4F0E-8B89-AA4902C49301}.Debug|x64.ActiveCfg = Debug|Any CPU
		{DC9F10B6-67BA-4F0E-8B89-AA4902C49301}.Debug|x64.Build.0 = Debug|Any CPU
		{DC9F10B6-67BA-4F0E-8B89-AA4902C49301}.Debug|x86.ActiveCfg = Debug|Any CPU
		{DC9F10B6-67BA-4F0E-8B89-AA4902C49301}.Debug|x86.Build.0 = Debug|Any CPU
		{DC9F10B6-67BA-4F0E-8B89-AA4902C49301}.Release|Any CPU.ActiveCfg = Release|Any CPU
		{DC9F10B6-67BA-4F0E-8B89-AA4902C49301}.Release|Any CPU.Build.0 = Release|Any CPU
		{DC9F10B6-67BA-4F0E-8B89-AA4902C49301}.Release|x64.ActiveCfg = Release|Any CPU
		{DC9F10B6-67BA-4F0E-8B89-AA4902C49301}.Release|x64.Build.0 = Release|Any CPU
		{DC9F10B6-67BA-4F0E-8B89-AA4902C49301}.Release|x86.ActiveCfg = Release|Any CPU
		{DC9F10B6-67BA-4F0E-8B89-AA4902C49301}.Release|x86.Build.0 = Release|Any CPU
		{C2F9EFB4-E8BB-49D0-918F-207CFE059F43}.Debug|Any CPU.ActiveCfg = Debug|Any CPU
		{C2F9EFB4-E8BB-49D0-918F-207CFE059F43}.Debug|Any CPU.Build.0 = Debug|Any CPU
		{C2F9EFB4-E8BB-49D0-918F-207CFE059F43}.Debug|x64.ActiveCfg = Debug|Any CPU
		{C2F9EFB4-E8BB-49D0-918F-207CFE059F43}.Debug|x64.Build.0 = Debug|Any CPU
		{C2F9EFB4-E8BB-49D0-918F-207CFE059F43}.Debug|x86.ActiveCfg = Debug|Any CPU
		{C2F9EFB4-E8BB-49D0-918F-207CFE059F43}.Debug|x86.Build.0 = Debug|Any CPU
		{C2F9EFB4-E8BB-49D0-918F-207CFE059F43}.Release|Any CPU.ActiveCfg = Release|Any CPU
		{C2F9EFB4-E8BB-49D0-918F-207CFE059F43}.Release|Any CPU.Build.0 = Release|Any CPU
		{C2F9EFB4-E8BB-49D0-918F-207CFE059F43}.Release|x64.ActiveCfg = Release|Any CPU
		{C2F9EFB4-E8BB-49D0-918F-207CFE059F43}.Release|x64.Build.0 = Release|Any CPU
		{C2F9EFB4-E8BB-49D0-918F-207CFE059F43}.Release|x86.ActiveCfg = Release|Any CPU
		{C2F9EFB4-E8BB-49D0-918F-207CFE059F43}.Release|x86.Build.0 = Release|Any CPU
		{10676B04-4431-4A28-B631-EA6B9826F2E3}.Debug|Any CPU.ActiveCfg = Debug|Any CPU
		{10676B04-4431-4A28-B631-EA6B9826F2E3}.Debug|Any CPU.Build.0 = Debug|Any CPU
		{10676B04-4431-4A28-B631-EA6B9826F2E3}.Debug|x64.ActiveCfg = Debug|Any CPU
		{10676B04-4431-4A28-B631-EA6B9826F2E3}.Debug|x64.Build.0 = Debug|Any CPU
		{10676B04-4431-4A28-B631-EA6B9826F2E3}.Debug|x86.ActiveCfg = Debug|Any CPU
		{10676B04-4431-4A28-B631-EA6B9826F2E3}.Debug|x86.Build.0 = Debug|Any CPU
		{10676B04-4431-4A28-B631-EA6B9826F2E3}.Release|Any CPU.ActiveCfg = Release|Any CPU
		{10676B04-4431-4A28-B631-EA6B9826F2E3}.Release|Any CPU.Build.0 = Release|Any CPU
		{10676B04-4431-4A28-B631-EA6B9826F2E3}.Release|x64.ActiveCfg = Release|Any CPU
		{10676B04-4431-4A28-B631-EA6B9826F2E3}.Release|x64.Build.0 = Release|Any CPU
		{10676B04-4431-4A28-B631-EA6B9826F2E3}.Release|x86.ActiveCfg = Release|Any CPU
		{10676B04-4431-4A28-B631-EA6B9826F2E3}.Release|x86.Build.0 = Release|Any CPU
	EndGlobalSection
	GlobalSection(SolutionProperties) = preSolution
		HideSolutionNode = FALSE
	EndGlobalSection
	GlobalSection(NestedProjects) = preSolution
		{4A1E2F3B-5C6D-7E8F-9A0B-1C2D3E4F5A6B} = {809F86A1-1C4C-B159-0CD4-DF9D33D876CE}
		{1A2B3C4D-5E6F-7A8B-9C0D-1E2F3A4B5C6D} = {4A1E2F3B-5C6D-7E8F-9A0B-1C2D3E4F5A6B}
		{B2C3C276-B967-4884-8FB0-4DB06EB51612} = {1A2B3C4D-5E6F-7A8B-9C0D-1E2F3A4B5C6D}
		{2B3C4D5E-6F7A-8B9C-0D1E-2F3A4B5C6D7E} = {4A1E2F3B-5C6D-7E8F-9A0B-1C2D3E4F5A6B}
		{DC9F10B6-67BA-4F0E-8B89-AA4902C49301} = {2B3C4D5E-6F7A-8B9C-0D1E-2F3A4B5C6D7E}
		{6B7C8D9E-0F1A-2B3C-4D5E-6F7A8B9C0D1E} = {4A1E2F3B-5C6D-7E8F-9A0B-1C2D3E4F5A6B}
		{C2F9EFB4-E8BB-49D0-918F-207CFE059F43} = {6B7C8D9E-0F1A-2B3C-4D5E-6F7A8B9C0D1E}
		{10676B04-4431-4A28-B631-EA6B9826F2E3} = {6B7C8D9E-0F1A-2B3C-4D5E-6F7A8B9C0D1E}
	EndGlobalSection
	GlobalSection(ExtensibilityGlobals) = postSolution
		SolutionGuid = {E83BBDE2-9F81-4336-8151-E607F8D880DC}
	EndGlobalSection
EndGlobal
