<Solution>
  <Folder Name="/api/">
    <Project Path="packages/api/Tsz.Api/Tsz.Api.csproj" />
    <Project Path="packages/api/Tsz.Infrastructure/Tsz.Infrastructure.csproj" />
    <Project Path="packages/api/Tsz.Api.Tests/Tsz.Api.Tests.csproj" />
    <Project Path="packages/api/Tsz.Api.Tests.Integration/Tsz.Api.Tests.Integration.csproj" />
  </Folder>
</Solution>
